
Microsoft Visual Studio Solution File, Format Version 12.00
# Visual Studio Version 17
VisualStudioVersion = 17.9.34902.65
MinimumVisualStudioVersion = 10.0.40219.1
Project("{FAE04EC0-301F-11D3-BF4B-00C04F79EFBC}") = "ForValidationPurpose", "ForValidationPurpose\ForValidationPurpose.csproj", "{BF8C908A-C1B0-4B20-B937-00E4A651790E}"
EndProject
Global
	GlobalSection(SolutionConfigurationPlatforms) = preSolution
		Debug|Any CPU = Debug|Any CPU
		Release|Any CPU = Release|Any CPU
	EndGlobalSection
	GlobalSection(ProjectConfigurationPlatforms) = postSolution
		{BF8C908A-C1B0-4B20-B937-00E4A651790E}.Debug|Any CPU.ActiveCfg = Debug|Any CPU
		{BF8C908A-C1B0-4B20-B937-00E4A651790E}.Debug|Any CPU.Build.0 = Debug|Any CPU
		{BF8C908A-C1B0-4B20-B937-00E4A651790E}.Release|Any CPU.ActiveCfg = Release|Any CPU
		{BF8C908A-C1B0-4B20-B937-00E4A651790E}.Release|Any CPU.Build.0 = Release|Any CPU
	EndGlobalSection
	GlobalSection(SolutionProperties) = preSolution
		HideSolutionNode = FALSE
	EndGlobalSection
	GlobalSection(ExtensibilityGlobals) = postSolution
		SolutionGuid = {FB1E60C6-6B40-414E-A350-CC0ECFD44C92}
	EndGlobalSection
EndGlobal
